Microsoft Visual Studio Solution File, Format Version 12.00
# Visual Studio Version 17
VisualStudioVersion = 17.12.35527.113 d17.12
MinimumVisualStudioVersion = 10.0.40219.1
Project("{FAE04EC0-301F-11D3-BF4B-00C04F79EFBC}") = "ClientTrack.AppHost", "ClientTrack.AppHost\ClientTrack.AppHost.csproj", "{4B0FCDF6-AA43-49BA-B64E-038606EFC75C}"
EndProject
Project("{FAE04EC0-301F-11D3-BF4B-00C04F79EFBC}") = "ClientTrack.ServiceDefaults", "ClientTrack.ServiceDefaults\ClientTrack.ServiceDefaults.csproj", "{B85F0A88-F9E7-4401-BC98-6DAE7135D38A}"
EndProject
Project("{FAE04EC0-301F-11D3-BF4B-00C04F79EFBC}") = "ClientTrack.ApiService", "ClientTrack.ApiService\ClientTrack.ApiService.csproj", "{CF87283B-93B5-4330-A577-39E948C2B3BB}"
EndProject
Project("{FAE04EC0-301F-11D3-BF4B-00C04F79EFBC}") = "ClientTrack.Web", "ClientTrack.Web\ClientTrack.Web.csproj", "{0A2EA21E-C11C-4875-A258-AD22DBA1E46E}"
EndProject
Project("{FAE04EC0-301F-11D3-BF4B-00C04F79EFBC}") = "ClientTrackMob", "ClientTrackMob\ClientTrackMob.csproj", "{950DC824-7EB8-43E3-8291-1B2536571148}"
EndProject
Global
	GlobalSection(SolutionConfigurationPlatforms) = preSolution
		Debug|Any CPU = Debug|Any CPU
		Release|Any CPU = Release|Any CPU
	EndGlobalSection
	GlobalSection(ProjectConfigurationPlatforms) = postSolution
		{4B0FCDF6-AA43-49BA-B64E-038606EFC75C}.Debug|Any CPU.ActiveCfg = Debug|Any CPU
		{4B0FCDF6-AA43-49BA-B64E-038606EFC75C}.Debug|Any CPU.Build.0 = Debug|Any CPU
		{4B0FCDF6-AA43-49BA-B64E-038606EFC75C}.Release|Any CPU.ActiveCfg = Release|Any CPU
		{4B0FCDF6-AA43-49BA-B64E-038606EFC75C}.Release|Any CPU.Build.0 = Release|Any CPU
		{B85F0A88-F9E7-4401-BC98-6DAE7135D38A}.Debug|Any CPU.ActiveCfg = Debug|Any CPU
		{B85F0A88-F9E7-4401-BC98-6DAE7135D38A}.Debug|Any CPU.Build.0 = Debug|Any CPU
		{B85F0A88-F9E7-4401-BC98-6DAE7135D38A}.Release|Any CPU.ActiveCfg = Release|Any CPU
		{B85F0A88-F9E7-4401-BC98-6DAE7135D38A}.Release|Any CPU.Build.0 = Release|Any CPU
		{CF87283B-93B5-4330-A577-39E948C2B3BB}.Debug|Any CPU.ActiveCfg = Debug|Any CPU
		{CF87283B-93B5-4330-A577-39E948C2B3BB}.Debug|Any CPU.Build.0 = Debug|Any CPU
		{CF87283B-93B5-4330-A577-39E948C2B3BB}.Release|Any CPU.ActiveCfg = Release|Any CPU
		{CF87283B-93B5-4330-A577-39E948C2B3BB}.Release|Any CPU.Build.0 = Release|Any CPU
		{0A2EA21E-C11C-4875-A258-AD22DBA1E46E}.Debug|Any CPU.ActiveCfg = Debug|Any CPU
		{0A2EA21E-C11C-4875-A258-AD22DBA1E46E}.Debug|Any CPU.Build.0 = Debug|Any CPU
		{0A2EA21E-C11C-4875-A258-AD22DBA1E46E}.Release|Any CPU.ActiveCfg = Release|Any CPU
		{0A2EA21E-C11C-4875-A258-AD22DBA1E46E}.Release|Any CPU.Build.0 = Release|Any CPU
		{950DC824-7EB8-43E3-8291-1B2536571148}.Debug|Any CPU.ActiveCfg = Debug|Any CPU
		{950DC824-7EB8-43E3-8291-1B2536571148}.Debug|Any CPU.Build.0 = Debug|Any CPU
		{950DC824-7EB8-43E3-8291-1B2536571148}.Debug|Any CPU.Deploy.0 = Debug|Any CPU
		{950DC824-7EB8-43E3-8291-1B2536571148}.Release|Any CPU.ActiveCfg = Release|Any CPU
		{950DC824-7EB8-43E3-8291-1B2536571148}.Release|Any CPU.Build.0 = Release|Any CPU
		{950DC824-7EB8-43E3-8291-1B2536571148}.Release|Any CPU.Deploy.0 = Release|Any CPU
	EndGlobalSection
	GlobalSection(SolutionProperties) = preSolution
		HideSolutionNode = FALSE
	EndGlobalSection
EndGlobal
